{
  "version": 4,
  "terraform_version": "0.15.0",
  "serial": 2515,
  "lineage": "361ea90c-bc56-a6d4-59fc-7a46e1b86dbd",
  "outputs": {},
  "resources": [
    {
      "mode": "data",
      "type": "aws_availability_zones",
      "name": "available",
      "provider": "provider[\"registry.terraform.io/hashicorp/aws\"]",
      "instances": [
        {
          "schema_version": 0,
          "attributes": {
            "all_availability_zones": null,
            "exclude_names": null,
            "exclude_zone_ids": null,
            "filter": null,
            "group_names": [
              "us-east-2"
            ],
            "id": "us-east-2",
            "names": [
              "us-east-2a",
              "us-east-2b",
              "us-east-2c"
            ],
            "state": null,
            "zone_ids": [
              "use2-az1",
              "use2-az2",
              "use2-az3"
            ]
          },
          "sensitive_attributes": []
        }
      ]
    },
    {
      "mode": "managed",
      "type": "aws_cloudhsm_v2_cluster",
      "name": "cloudhsm_cluster",
      "provider": "provider[\"registry.terraform.io/hashicorp/aws\"]",
      "instances": [
        {
          "schema_version": 0,
          "attributes": {
            "cluster_certificates": [
              {
                "aws_hardware_certificate": "",
                "cluster_certificate": "-----BEGIN CERTIFICATE-----\nMIIDVDCCAjygAwIBAgIUYhF1CdRmROpYKaWtK0B5ENTa87kwDQYJKoZIhvcNAQEL\nBQAwPTELMAkGA1UEBhMCVVMxCjAIBgNVBAgMAS4xCjAIBgNVBAcMAS4xCjAIBgNV\nBAoMAS4xCjAIBgNVBAMMAS4wHhcNMjEwNjI3MjIzOTQ2WhcNMzEwNjI3MjMzOTQ2\nWjCBijFEMAkGA1UEBhMCVVMwCQYDVQQIDAJDQTANBgNVBAoMBkNhdml1bTANBgNV\nBAsMBk4zRklQUzAOBgNVBAcMB1Nhbkpvc2UxQjBABgNVBAMMOUhTTTpEMkMwQTI4\nNkREQjM2REMyRDA5RDgwNjRDNjk1OUI6UEFSVE46MSwgZm9yIEZJUFMgbW9kZTCC\nASIwDQYJKoZIhvcNAQEBBQADggEPADCCAQoCggEBAMQVDlPuLElEz6WZt2FJP6GB\nJc7xHSeb0kGrgGnXyJQeOUKsRujglgI8S9WldQKH0OzZ02A1PvW8DxRGqAKpJQaC\nmPoFIr6M5AjsgS5hO+sVbssz93qT4Z78U3JGXwEgAj28HzhLHGguyLXsRi8SA9FM\nVESDB08ZOA9+T1QSsmG0ol5OBX/PTrmfSxcJ7AQZYl8dy9YLfxGnxzTdbETtwHXC\nQX8PxviUFNx1cXTGUielN0fARsRFPdZOwBplNxrsgrPkPbGkedNEIxDkqmEarR+4\nAqLZkb7BBbZ2Mta2z3n9FyHQ5VhJ4foL6gz3B5MSJbPcJTVfJ7h8FDZmoKY06U8C\nAwEAATANBgkqhkiG9w0BAQsFAAOCAQEAPebGf8VsyHZSkKkn0eU6pX8vzg4xOG4J\n5R0N0flngB+j+0lXZt0z8ajNIJlfZ6EH08i/VSOc+GhoaunPlSgIew5D3EHiKw4l\ntIrJArpVDEp9brYfJGLVEKdjF2ldcTYdhnZOW6qpeySKlxvBD5em8kEMalNZmq68\n0C4/6ryA5zKiy4kCqAG4D/c/fYfzgSzIK3Gf1MEO4ncBAG8wE/T4OwJCSDdp1CZa\nviNiLyda6lNAYvGCZdtQUjGjHNNyR2c/EA8Y0Vr0se44bl13GmLvltg2SOxrOg72\ngc6YP/FsM59CJHQrhUerxfaQMh8iF8laU4VszQXxkmzqsm0Nlpu9dg==\n-----END CERTIFICATE-----\n",
                "cluster_csr": "",
                "hsm_certificate": "",
                "manufacturer_hardware_certificate": ""
              }
            ],
            "cluster_id": "cluster-7gtxgsrbhcr",
            "cluster_state": "ACTIVE",
            "hsm_type": "hsm1.medium",
            "id": "cluster-7gtxgsrbhcr",
            "security_group_id": "sg-09f89ad469985ef36",
            "source_backup_identifier": "",
            "subnet_ids": [
              "subnet-07d4a6a2e4aea3e6b",
              "subnet-0e3be2a506b4a8060",
              "subnet-0f2bfaefacd419846"
            ],
            "tags": {
              "Name": "cloudhsm_cluster"
            },
            "tags_all": {
              "Name": "cloudhsm_cluster"
            },
            "timeouts": null,
            "vpc_id": "vpc-0d9a1440854a8ae6b"
          },
          "sensitive_attributes": [],
          "private": "eyJlMmJmYjczMC1lY2FhLTExZTYtOGY4OC0zNDM2M2JjN2M0YzAiOnsiY3JlYXRlIjo3MjAwMDAwMDAwMDAwLCJkZWxldGUiOjcyMDAwMDAwMDAwMDAsInVwZGF0ZSI6NzIwMDAwMDAwMDAwMH19",
          "dependencies": [
            "aws_subnet.cloudhsm_private_subnets",
            "aws_vpc.cloudhsm_vpc",
            "data.aws_availability_zones.available"
          ]
        }
      ]
    },
    {
      "mode": "managed",
      "type": "aws_subnet",
      "name": "cloudhsm_private_subnets",
      "provider": "provider[\"registry.terraform.io/hashicorp/aws\"]",
      "instances": [
        {
          "index_key": 0,
          "schema_version": 1,
          "attributes": {
            "arn": "arn:aws:ec2:us-east-2:945793393231:subnet/subnet-07d4a6a2e4aea3e6b",
            "assign_ipv6_address_on_creation": false,
            "availability_zone": "us-east-2a",
            "availability_zone_id": "use2-az1",
            "cidr_block": "10.0.1.0/28",
            "customer_owned_ipv4_pool": "",
            "id": "subnet-07d4a6a2e4aea3e6b",
            "ipv6_cidr_block": "",
            "ipv6_cidr_block_association_id": "",
            "map_customer_owned_ip_on_launch": false,
            "map_public_ip_on_launch": false,
            "outpost_arn": "",
            "owner_id": "945793393231",
            "tags": {
              "Name": "cloudhsm private subnet"
            },
            "tags_all": {
              "Name": "cloudhsm private subnet"
            },
            "timeouts": null,
            "vpc_id": "vpc-0d9a1440854a8ae6b"
          },
          "sensitive_attributes": [],
          "private": "eyJlMmJmYjczMC1lY2FhLTExZTYtOGY4OC0zNDM2M2JjN2M0YzAiOnsiY3JlYXRlIjo2MDAwMDAwMDAwMDAsImRlbGV0ZSI6MTIwMDAwMDAwMDAwMH0sInNjaGVtYV92ZXJzaW9uIjoiMSJ9",
          "dependencies": [
            "data.aws_availability_zones.available",
            "aws_vpc.cloudhsm_vpc"
          ]
        },
        {
          "index_key": 1,
          "schema_version": 1,
          "attributes": {
            "arn": "arn:aws:ec2:us-east-2:945793393231:subnet/subnet-0f2bfaefacd419846",
            "assign_ipv6_address_on_creation": false,
            "availability_zone": "us-east-2b",
            "availability_zone_id": "use2-az2",
            "cidr_block": "10.0.2.0/28",
            "customer_owned_ipv4_pool": "",
            "id": "subnet-0f2bfaefacd419846",
            "ipv6_cidr_block": "",
            "ipv6_cidr_block_association_id": "",
            "map_customer_owned_ip_on_launch": false,
            "map_public_ip_on_launch": false,
            "outpost_arn": "",
            "owner_id": "945793393231",
            "tags": {
              "Name": "cloudhsm private subnet"
            },
            "tags_all": {
              "Name": "cloudhsm private subnet"
            },
            "timeouts": null,
            "vpc_id": "vpc-0d9a1440854a8ae6b"
          },
          "sensitive_attributes": [],
          "private": "eyJlMmJmYjczMC1lY2FhLTExZTYtOGY4OC0zNDM2M2JjN2M0YzAiOnsiY3JlYXRlIjo2MDAwMDAwMDAwMDAsImRlbGV0ZSI6MTIwMDAwMDAwMDAwMH0sInNjaGVtYV92ZXJzaW9uIjoiMSJ9",
          "dependencies": [
            "aws_vpc.cloudhsm_vpc",
            "data.aws_availability_zones.available"
          ]
        },
        {
          "index_key": 2,
          "schema_version": 1,
          "attributes": {
            "arn": "arn:aws:ec2:us-east-2:945793393231:subnet/subnet-0e3be2a506b4a8060",
            "assign_ipv6_address_on_creation": false,
            "availability_zone": "us-east-2c",
            "availability_zone_id": "use2-az3",
            "cidr_block": "10.0.3.0/28",
            "customer_owned_ipv4_pool": "",
            "id": "subnet-0e3be2a506b4a8060",
            "ipv6_cidr_block": "",
            "ipv6_cidr_block_association_id": "",
            "map_customer_owned_ip_on_launch": false,
            "map_public_ip_on_launch": false,
            "outpost_arn": "",
            "owner_id": "945793393231",
            "tags": {
              "Name": "cloudhsm private subnet"
            },
            "tags_all": {
              "Name": "cloudhsm private subnet"
            },
            "timeouts": null,
            "vpc_id": "vpc-0d9a1440854a8ae6b"
          },
          "sensitive_attributes": [],
          "private": "eyJlMmJmYjczMC1lY2FhLTExZTYtOGY4OC0zNDM2M2JjN2M0YzAiOnsiY3JlYXRlIjo2MDAwMDAwMDAwMDAsImRlbGV0ZSI6MTIwMDAwMDAwMDAwMH0sInNjaGVtYV92ZXJzaW9uIjoiMSJ9",
          "dependencies": [
            "aws_vpc.cloudhsm_vpc",
            "data.aws_availability_zones.available"
          ]
        }
      ]
    },
    {
      "mode": "managed",
      "type": "aws_vpc",
      "name": "cloudhsm_vpc",
      "provider": "provider[\"registry.terraform.io/hashicorp/aws\"]",
      "instances": [
        {
          "schema_version": 1,
          "attributes": {
            "arn": "arn:aws:ec2:us-east-2:945793393231:vpc/vpc-0d9a1440854a8ae6b",
            "assign_generated_ipv6_cidr_block": false,
            "cidr_block": "10.0.0.0/16",
            "default_network_acl_id": "acl-000d59bb2ff152103",
            "default_route_table_id": "rtb-0fa342267acade43d",
            "default_security_group_id": "sg-0010f94d93e2430f9",
            "dhcp_options_id": "dopt-4b325b20",
            "enable_classiclink": null,
            "enable_classiclink_dns_support": null,
            "enable_dns_hostnames": true,
            "enable_dns_support": true,
            "id": "vpc-0d9a1440854a8ae6b",
            "instance_tenancy": "default",
            "ipv6_association_id": "",
            "ipv6_cidr_block": "",
            "main_route_table_id": "rtb-0fa342267acade43d",
            "owner_id": "945793393231",
            "tags": {
              "Name": "CloudHSM"
            },
            "tags_all": {
              "Name": "CloudHSM"
            }
          },
          "sensitive_attributes": [],
          "private": "eyJzY2hlbWFfdmVyc2lvbiI6IjEifQ=="
        }
      ]
    }
  ]
}
